// !$*UTF8*$!
{
	archiveVersion = 1;
	classes = {
	};
	objectVersion = 46;
	objects = {

/* Begin PBXBuildFile section */
		D2DC0E181AC79A78005776BD /* main.cpp in Sources */ = {isa = PBXBuildFile; fileRef = D2DC0E171AC79A78005776BD /* main.cpp */; };
		D2DC0E1F1AC79ABC005776BD /* myo.framework in Frameworks */ = {isa = PBXBuildFile; fileRef = D2DC0E1E1AC79ABC005776BD /* myo.framework */; };
/* End PBXBuildFile section */

/* Begin PBXCopyFilesBuildPhase section */
		D2DC0E121AC79A78005776BD /* CopyFiles */ = {
			isa = PBXCopyFilesBuildPhase;
			buildActionMask = 2147483647;
			dstPath = /usr/share/man/man1/;
			dstSubfolderSpec = 0;
			files = (
			);
			runOnlyForDeploymentPostprocessing = 1;
		};
/* End PBXCopyFilesBuildPhase section */

/* Begin PBXFileReference section */
		D2DC0E141AC79A78005776BD /* LocalApp */ = {isa = PBXFileReference; explicitFileType = "compiled.mach-o.executable"; includeInIndex = 0; path = LocalApp; sourceTree = BUILT_PRODUCTS_DIR; };
		D2DC0E171AC79A78005776BD /* main.cpp */ = {isa = PBXFileReference; lastKnownFileType = sourcecode.cpp.cpp; path = main.cpp; sourceTree = "<group>"; };
		D2DC0E1E1AC79ABC005776BD /* myo.framework */ = {isa = PBXFileReference; lastKnownFileType = wrapper.framework; path = myo.framework; sourceTree = "<group>"; };
/* End PBXFileReference section */

/* Begin PBXFrameworksBuildPhase section */
		D2DC0E111AC79A78005776BD /* Frameworks */ = {
			isa = PBXFrameworksBuildPhase;
			buildActionMask = 2147483647;
			files = (
				D2DC0E1F1AC79ABC005776BD /* myo.framework in Frameworks */,
			);
			runOnlyForDeploymentPostprocessing = 0;
		};
/* End PBXFrameworksBuildPhase section */

/* Begin PBXGroup section */
		D2DC0E0B1AC79A78005776BD = {
			isa = PBXGroup;
			children = (
				D2DC0E201AC79DFB005776BD /* Frameworks */,
				D2DC0E161AC79A78005776BD /* LocalApp */,
				D2DC0E151AC79A78005776BD /* Products */,
			);
			sourceTree = "<group>";
		};
		D2DC0E151AC79A78005776BD /* Products */ = {
			isa = PBXGroup;
			children = (
				D2DC0E141AC79A78005776BD /* LocalApp */,
			);
			name = Products;
			sourceTree = "<group>";
		};
		D2DC0E161AC79A78005776BD /* LocalApp */ = {
			isa = PBXGroup;
			children = (
				D2DC0E171AC79A78005776BD /* main.cpp */,
			);
			path = LocalApp;
			sourceTree = "<group>";
		};
		D2DC0E201AC79DFB005776BD /* Frameworks */ = {
			isa = PBXGroup;
			children = (
				D2DC0E1E1AC79ABC005776BD /* myo.framework */,
			);
			name = Frameworks;
			sourceTree = "<group>";
		};
/* End PBXGroup section */

/* Begin PBXNativeTarget section */
		D2DC0E131AC79A78005776BD /* LocalApp */ = {
			isa = PBXNativeTarget;
			buildConfigurationList = D2DC0E1B1AC79A78005776BD /* Build configuration list for PBXNativeTarget "LocalApp" */;
			buildPhases = (
				D2DC0E101AC79A78005776BD /* Sources */,
				D2DC0E111AC79A78005776BD /* Frameworks */,
				D2DC0E121AC79A78005776BD /* CopyFiles */,
			);
			buildRules = (
			);
			dependencies = (
			);
			name = LocalApp;
			productName = LocalApp;
			productReference = D2DC0E141AC79A78005776BD /* LocalApp */;
			productType = "com.apple.product-type.tool";
		};
/* End PBXNativeTarget section */

/* Begin PBXProject section */
		D2DC0E0C1AC79A78005776BD /* Project object */ = {
			isa = PBXProject;
			attributes = {
				LastUpgradeCheck = 0620;
				ORGANIZATIONNAME = officer;
				TargetAttributes = {
					D2DC0E131AC79A78005776BD = {
						CreatedOnToolsVersion = 6.2;
					};
				};
			};
			buildConfigurationList = D2DC0E0F1AC79A78005776BD /* Build configuration list for PBXProject "LocalApp" */;
			compatibilityVersion = "Xcode 3.2";
			developmentRegion = English;
			hasScannedForEncodings = 0;
			knownRegions = (
				en,
			);
			mainGroup = D2DC0E0B1AC79A78005776BD;
			productRefGroup = D2DC0E151AC79A78005776BD /* Products */;
			projectDirPath = "";
			projectRoot = "";
			targets = (
				D2DC0E131AC79A78005776BD /* LocalApp */,
			);
		};
/* End PBXProject section */

/* Begin PBXSourcesBuildPhase section */
		D2DC0E101AC79A78005776BD /* Sources */ = {
			isa = PBXSourcesBuildPhase;
			buildActionMask = 2147483647;
			files = (
				D2DC0E181AC79A78005776BD /* main.cpp in Sources */,
			);
			runOnlyForDeploymentPostprocessing = 0;
		};
/* End PBXSourcesBuildPhase section */

/* Begin XCBuildConfiguration section */
		D2DC0E191AC79A78005776BD /* Debug */ = {
			isa = XCBuildConfiguration;
			buildSettings = {
				ALWAYS_SEARCH_USER_PATHS = NO;
				CLANG_CXX_LANGUAGE_STANDARD = "gnu++0x";
				CLANG_CXX_LIBRARY = "libc++";
				CLANG_ENABLE_MODULES = YES;
				CLANG_ENABLE_OBJC_ARC = YES;
				CLANG_WARN_BOOL_CONVERSION = YES;
				CLANG_WARN_CONSTANT_CONVERSION = YES;
				CLANG_WARN_DIRECT_OBJC_ISA_USAGE = YES_ERROR;
				CLANG_WARN_EMPTY_BODY = YES;
				CLANG_WARN_ENUM_CONVERSION = YES;
				CLANG_WARN_INT_CONVERSION = YES;
				CLANG_WARN_OBJC_ROOT_CLASS = YES_ERROR;
				CLANG_WARN_UNREACHABLE_CODE = YES;
				CLANG_WARN__DUPLICATE_METHOD_MATCH = YES;
				COPY_PHASE_STRIP = NO;
				ENABLE_STRICT_OBJC_MSGSEND = YES;
				GCC_C_LANGUAGE_STANDARD = gnu99;
				GCC_DYNAMIC_NO_PIC = NO;
				GCC_OPTIMIZATION_LEVEL = 0;
				GCC_PREPROCESSOR_DEFINITIONS = (
					"DEBUG=1",
					"$(inherited)",
				);
				GCC_SYMBOLS_PRIVATE_EXTERN = NO;
				GCC_WARN_64_TO_32_BIT_CONVERSION = YES;
				GCC_WARN_ABOUT_RETURN_TYPE = YES_ERROR;
				GCC_WARN_UNDECLARED_SELECTOR = YES;
				GCC_WARN_UNINITIALIZED_AUTOS = YES_AGGRESSIVE;
				GCC_WARN_UNUSED_FUNCTION = YES;
				GCC_WARN_UNUSED_VARIABLE = YES;
				MACOSX_DEPLOYMENT_TARGET = 10.10;
				MTL_ENABLE_DEBUG_INFO = YES;
				ONLY_ACTIVE_ARCH = YES;
				SDKROOT = macosx;
			};
			name = Debug;
		};
		D2DC0E1A1AC79A78005776BD /* Release */ = {
			isa = XCBuildConfiguration;
			buildSettings = {
				ALWAYS_SEARCH_USER_PATHS = NO;
				CLANG_CXX_LANGUAGE_STANDARD = "gnu++0x";
				CLANG_CXX_LIBRARY = "libc++";
				CLANG_ENABLE_MODULES = YES;
				CLANG_ENABLE_OBJC_ARC = YES;
				CLANG_WARN_BOOL_CONVERSION = YES;
				CLANG_WARN_CONSTANT_CONVERSION = YES;
				CLANG_WARN_DIRECT_OBJC_ISA_USAGE = YES_ERROR;
				CLANG_WARN_EMPTY_BODY = YES;
				CLANG_WARN_ENUM_CONVERSION = YES;
				CLANG_WARN_INT_CONVERSION = YES;
				CLANG_WARN_OBJC_ROOT_CLASS = YES_ERROR;
				CLANG_WARN_UNREACHABLE_CODE = YES;
				CLANG_WARN__DUPLICATE_METHOD_MATCH = YES;
				COPY_PHASE_STRIP = NO;
				DEBUG_INFORMATION_FORMAT = "dwarf-with-dsym";
				ENABLE_NS_ASSERTIONS = NO;
				ENABLE_STRICT_OBJC_MSGSEND = YES;
				GCC_C_LANGUAGE_STANDARD = gnu99;
				GCC_WARN_64_TO_32_BIT_CONVERSION = YES;
				GCC_WARN_ABOUT_RETURN_TYPE = YES_ERROR;
				GCC_WARN_UNDECLARED_SELECTOR = YES;
				GCC_WARN_UNINITIALIZED_AUTOS = YES_AGGRESSIVE;
				GCC_WARN_UNUSED_FUNCTION = YES;
				GCC_WARN_UNUSED_VARIABLE = YES;
				MACOSX_DEPLOYMENT_TARGET = 10.10;
				MTL_ENABLE_DEBUG_INFO = NO;
				SDKROOT = macosx;
			};
			name = Release;
		};
		D2DC0E1C1AC79A78005776BD /* Debug */ = {
			isa = XCBuildConfiguration;
			buildSettings = {
				FRAMEWORK_SEARCH_PATHS = (
					"$(inherited)",
					"$(PROJECT_DIR)",
				);
				PRODUCT_NAME = "$(TARGET_NAME)";
			};
			name = Debug;
		};
		D2DC0E1D1AC79A78005776BD /* Release */ = {
			isa = XCBuildConfiguration;
			buildSettings = {
				FRAMEWORK_SEARCH_PATHS = (
					"$(inherited)",
					"$(PROJECT_DIR)",
				);
				PRODUCT_NAME = "$(TARGET_NAME)";
			};
			name = Release;
		};
/* End XCBuildConfiguration section */

/* Begin XCConfigurationList section */
		D2DC0E0F1AC79A78005776BD /* Build configuration list for PBXProject "LocalApp" */ = {
			isa = XCConfigurationList;
			buildConfigurations = (
				D2DC0E191AC79A78005776BD /* Debug */,
				D2DC0E1A1AC79A78005776BD /* Release */,
			);
			defaultConfigurationIsVisible = 0;
			defaultConfigurationName = Release;
		};
		D2DC0E1B1AC79A78005776BD /* Build configuration list for PBXNativeTarget "LocalApp" */ = {
			isa = XCConfigurationList;
			buildConfigurations = (
				D2DC0E1C1AC79A78005776BD /* Debug */,
				D2DC0E1D1AC79A78005776BD /* Release */,
			);
			defaultConfigurationIsVisible = 0;
		};
/* End XCConfigurationList section */
	};
	rootObject = D2DC0E0C1AC79A78005776BD /* Project object */;
}
